// !$*UTF8*$!
{
	archiveVersion = 1;
	classes = {
	};
	objectVersion = 46;
	objects = {

/* Begin PBXBuildFile section */
		D7A8F3BF1DCA35DF005B8DF3 /* AppDelegate.swift in Sources */ = {isa = PBXBuildFile; fileRef = D7A8F3BE1DCA35DF005B8DF3 /* AppDelegate.swift */; };
		D7A8F3C11DCA35DF005B8DF3 /* ViewController.swift in Sources */ = {isa = PBXBuildFile; fileRef = D7A8F3C01DCA35DF005B8DF3 /* ViewController.swift */; };
		D7A8F3C41DCA35DF005B8DF3 /* Main.storyboard in Resources */ = {isa = PBXBuildFile; fileRef = D7A8F3C21DCA35DF005B8DF3 /* Main.storyboard */; };
		D7A8F3C61DCA35DF005B8DF3 /* Assets.xcassets in Resources */ = {isa = PBXBuildFile; fileRef = D7A8F3C51DCA35DF005B8DF3 /* Assets.xcassets */; };
		D7A8F3C91DCA35DF005B8DF3 /* LaunchScreen.storyboard in Resources */ = {isa = PBXBuildFile; fileRef = D7A8F3C71DCA35DF005B8DF3 /* LaunchScreen.storyboard */; };
/* End PBXBuildFile section */

/* Begin PBXFileReference section */
		D7A8F3BB1DCA35DF005B8DF3 /* Calculate.app */ = {isa = PBXFileReference; explicitFileType = wrapper.application; includeInIndex = 0; path = Calculate.app; sourceTree = BUILT_PRODUCTS_DIR; };
		D7A8F3BE1DCA35DF005B8DF3 /* AppDelegate.swift */ = {isa = PBXFileReference; lastKnownFileType = sourcecode.swift; path = AppDelegate.swift; sourceTree = "<group>"; };
		D7A8F3C01DCA35DF005B8DF3 /* ViewController.swift */ = {isa = PBXFileReference; lastKnownFileType = sourcecode.swift; path = ViewController.swift; sourceTree = "<group>"; };
		D7A8F3C31DCA35DF005B8DF3 /* Base */ = {isa = PBXFileReference; lastKnownFileType = file.storyboard; name = Base; path = Base.lproj/Main.storyboard; sourceTree = "<group>"; };
		D7A8F3C51DCA35DF005B8DF3 /* Assets.xcassets */ = {isa = PBXFileReference; lastKnownFileType = folder.assetcatalog; path = Assets.xcassets; sourceTree = "<group>"; };
		D7A8F3C81DCA35DF005B8DF3 /* Base */ = {isa = PBXFileReference; lastKnownFileType = file.storyboard; name = Base; path = Base.lproj/LaunchScreen.storyboard; sourceTree = "<group>"; };
		D7A8F3CA1DCA35DF005B8DF3 /* Info.plist */ = {isa = PBXFileReference; lastKnownFileType = text.plist.xml; path = Info.plist; sourceTree = "<group>"; };
/* End PBXFileReference section */

/* Begin PBXFrameworksBuildPhase section */
		D7A8F3B81DCA35DF005B8DF3 /* Frameworks */ = {
			isa = PBXFrameworksBuildPhase;
			buildActionMask = 2147483647;
			files = (
			);
			runOnlyForDeploymentPostprocessing = 0;
		};
/* End PBXFrameworksBuildPhase section */

/* Begin PBXGroup section */
		D7A8F3B21DCA35DF005B8DF3 = {
			isa = PBXGroup;
			children = (
				D7A8F3BD1DCA35DF005B8DF3 /* Calculate */,
				D7A8F3BC1DCA35DF005B8DF3 /* Products */,
			);
			sourceTree = "<group>";
		};
		D7A8F3BC1DCA35DF005B8DF3 /* Products */ = {
			isa = PBXGroup;
			children = (
				D7A8F3BB1DCA35DF005B8DF3 /* Calculate.app */,
			);
			name = Products;
			sourceTree = "<group>";
		};
		D7A8F3BD1DCA35DF005B8DF3 /* Calculate */ = {
			isa = PBXGroup;
			children = (
				D7A8F3BE1DCA35DF005B8DF3 /* AppDelegate.swift */,
				D7A8F3C01DCA35DF005B8DF3 /* ViewController.swift */,
				D7A8F3C21DCA35DF005B8DF3 /* Main.storyboard */,
				D7A8F3C51DCA35DF005B8DF3 /* Assets.xcassets */,
				D7A8F3C71DCA35DF005B8DF3 /* LaunchScreen.storyboard */,
				D7A8F3CA1DCA35DF005B8DF3 /* Info.plist */,
			);
			path = Calculate;
			sourceTree = "<group>";
		};
/* End PBXGroup section */

/* Begin PBXNativeTarget section */
		D7A8F3BA1DCA35DF005B8DF3 /* Calculate */ = {
			isa = PBXNativeTarget;
			buildConfigurationList = D7A8F3CD1DCA35DF005B8DF3 /* Build configuration list for PBXNativeTarget "Calculate" */;
			buildPhases = (
				D7A8F3B71DCA35DF005B8DF3 /* Sources */,
				D7A8F3B81DCA35DF005B8DF3 /* Frameworks */,
				D7A8F3B91DCA35DF005B8DF3 /* Resources */,
			);
			buildRules = (
			);
			dependencies = (
			);
			name = Calculate;
			productName = Calculate;
			productReference = D7A8F3BB1DCA35DF005B8DF3 /* Calculate.app */;
			productType = "com.apple.product-type.application";
		};
/* End PBXNativeTarget section */

/* Begin PBXProject section */
		D7A8F3B31DCA35DF005B8DF3 /* Project object */ = {
			isa = PBXProject;
			attributes = {
				LastSwiftUpdateCheck = 0810;
				LastUpgradeCheck = 0810;
				ORGANIZATIONNAME = "John Hersey High School";
				TargetAttributes = {
					D7A8F3BA1DCA35DF005B8DF3 = {
						CreatedOnToolsVersion = 8.1;
						DevelopmentTeam = U8HA8UNP32;
						ProvisioningStyle = Automatic;
					};
				};
			};
			buildConfigurationList = D7A8F3B61DCA35DF005B8DF3 /* Build configuration list for PBXProject "Calculate" */;
			compatibilityVersion = "Xcode 3.2";
			developmentRegion = English;
			hasScannedForEncodings = 0;
			knownRegions = (
				en,
				Base,
			);
			mainGroup = D7A8F3B21DCA35DF005B8DF3;
			productRefGroup = D7A8F3BC1DCA35DF005B8DF3 /* Products */;
			projectDirPath = "";
			projectRoot = "";
			targets = (
				D7A8F3BA1DCA35DF005B8DF3 /* Calculate */,
			);
		};
/* End PBXProject section */

/* Begin PBXResourcesBuildPhase section */
		D7A8F3B91DCA35DF005B8DF3 /* Resources */ = {
			isa = PBXResourcesBuildPhase;
			buildActionMask = 2147483647;
			files = (
				D7A8F3C91DCA35DF005B8DF3 /* LaunchScreen.storyboard in Resources */,
				D7A8F3C61DCA35DF005B8DF3 /* Assets.xcassets in Resources */,
				D7A8F3C41DCA35DF005B8DF3 /* Main.storyboard in Resources */,
			);
			runOnlyForDeploymentPostprocessing = 0;
		};
/* End PBXResourcesBuildPhase section */

/* Begin PBXSourcesBuildPhase section */
		D7A8F3B71DCA35DF005B8DF3 /* Sources */ = {
			isa = PBXSourcesBuildPhase;
			buildActionMask = 2147483647;
			files = (
				D7A8F3C11DCA35DF005B8DF3 /* ViewController.swift in Sources */,
				D7A8F3BF1DCA35DF005B8DF3 /* AppDelegate.swift in Sources */,
			);
			runOnlyForDeploymentPostprocessing = 0;
		};
/* End PBXSourcesBuildPhase section */

/* Begin PBXVariantGroup section */
		D7A8F3C21DCA35DF005B8DF3 /* Main.storyboard */ = {
			isa = PBXVariantGroup;
			children = (
				D7A8F3C31DCA35DF005B8DF3 /* Base */,
			);
			name = Main.storyboard;
			sourceTree = "<group>";
		};
		D7A8F3C71DCA35DF005B8DF3 /* LaunchScreen.storyboard */ = {
			isa = PBXVariantGroup;
			children = (
				D7A8F3C81DCA35DF005B8DF3 /* Base */,
			);
			name = LaunchScreen.storyboard;
			sourceTree = "<group>";
		};
/* End PBXVariantGroup section */

/* Begin XCBuildConfiguration section */
		D7A8F3CB1DCA35DF005B8DF3 /* Debug */ = {
			isa = XCBuildConfiguration;
			buildSettings = {
				ALWAYS_SEARCH_USER_PATHS = NO;
				CLANG_ANALYZER_NONNULL = YES;
				CLANG_CXX_LANGUAGE_STANDARD = "gnu++0x";
				CLANG_CXX_LIBRARY = "libc++";
				CLANG_ENABLE_MODULES = YES;
				CLANG_ENABLE_OBJC_ARC = YES;
				CLANG_WARN_BOOL_CONVERSION = YES;
				CLANG_WARN_CONSTANT_CONVERSION = YES;
				CLANG_WARN_DIRECT_OBJC_ISA_USAGE = YES_ERROR;
				CLANG_WARN_DOCUMENTATION_COMMENTS = YES;
				CLANG_WARN_EMPTY_BODY = YES;
				CLANG_WARN_ENUM_CONVERSION = YES;
				CLANG_WARN_INFINITE_RECURSION = YES;
				CLANG_WARN_INT_CONVERSION = YES;
				CLANG_WARN_OBJC_ROOT_CLASS = YES_ERROR;
				CLANG_WARN_SUSPICIOUS_MOVES = YES;
				CLANG_WARN_UNREACHABLE_CODE = YES;
				CLANG_WARN__DUPLICATE_METHOD_MATCH = YES;
				"CODE_SIGN_IDENTITY[sdk=iphoneos*]" = "iPhone Developer";
				COPY_PHASE_STRIP = NO;
				DEBUG_INFORMATION_FORMAT = dwarf;
				ENABLE_STRICT_OBJC_MSGSEND = YES;
				ENABLE_TESTABILITY = YES;
				GCC_C_LANGUAGE_STANDARD = gnu99;
				GCC_DYNAMIC_NO_PIC = NO;
				GCC_NO_COMMON_BLOCKS = YES;
				GCC_OPTIMIZATION_LEVEL = 0;
				GCC_PREPROCESSOR_DEFINITIONS = (
					"DEBUG=1",
					"$(inherited)",
				);
				GCC_WARN_64_TO_32_BIT_CONVERSION = YES;
				GCC_WARN_ABOUT_RETURN_TYPE = YES_ERROR;
				GCC_WARN_UNDECLARED_SELECTOR = YES;
				GCC_WARN_UNINITIALIZED_AUTOS = YES_AGGRESSIVE;
				GCC_WARN_UNUSED_FUNCTION = YES;
				GCC_WARN_UNUSED_VARIABLE = YES;
				IPHONEOS_DEPLOYMENT_TARGET = 10.1;
				MTL_ENABLE_DEBUG_INFO = YES;
				ONLY_ACTIVE_ARCH = YES;
				SDKROOT = iphoneos;
				SWIFT_ACTIVE_COMPILATION_CONDITIONS = DEBUG;
				SWIFT_OPTIMIZATION_LEVEL = "-Onone";
				TARGETED_DEVICE_FAMILY = "1,2";
			};
			name = Debug;
		};
		D7A8F3CC1DCA35DF005B8DF3 /* Release */ = {
			isa = XCBuildConfiguration;
			buildSettings = {
				ALWAYS_SEARCH_USER_PATHS = NO;
				CLANG_ANALYZER_NONNULL = YES;
				CLANG_CXX_LANGUAGE_STANDARD = "gnu++0x";
				CLANG_CXX_LIBRARY = "libc++";
				CLANG_ENABLE_MODULES = YES;
				CLANG_ENABLE_OBJC_ARC = YES;
				CLANG_WARN_BOOL_CONVERSION = YES;
				CLANG_WARN_CONSTANT_CONVERSION = YES;
				CLANG_WARN_DIRECT_OBJC_ISA_USAGE = YES_ERROR;
				CLANG_WARN_DOCUMENTATION_COMMENTS = YES;
				CLANG_WARN_EMPTY_BODY = YES;
				CLANG_WARN_ENUM_CONVERSION = YES;
				CLANG_WARN_INFINITE_RECURSION = YES;
				CLANG_WARN_INT_CONVERSION = YES;
				CLANG_WARN_OBJC_ROOT_CLASS = YES_ERROR;
				CLANG_WARN_SUSPICIOUS_MOVES = YES;
				CLANG_WARN_UNREACHABLE_CODE = YES;
				CLANG_WARN__DUPLICATE_METHOD_MATCH = YES;
				"CODE_SIGN_IDENTITY[sdk=iphoneos*]" = "iPhone Developer";
				COPY_PHASE_STRIP = NO;
				DEBUG_INFORMATION_FORMAT = "dwarf-with-dsym";
				ENABLE_NS_ASSERTIONS = NO;
				ENABLE_STRICT_OBJC_MSGSEND = YES;
				GCC_C_LANGUAGE_STANDARD = gnu99;
				GCC_NO_COMMON_BLOCKS = YES;
				GCC_WARN_64_TO_32_BIT_CONVERSION = YES;
				GCC_WARN_ABOUT_RETURN_TYPE = YES_ERROR;
				GCC_WARN_UNDECLARED_SELECTOR = YES;
				GCC_WARN_UNINITIALIZED_AUTOS = YES_AGGRESSIVE;
				GCC_WARN_UNUSED_FUNCTION = YES;
				GCC_WARN_UNUSED_VARIABLE = YES;
				IPHONEOS_DEPLOYMENT_TARGET = 10.1;
				MTL_ENABLE_DEBUG_INFO = NO;
				SDKROOT = iphoneos;
				SWIFT_OPTIMIZATION_LEVEL = "-Owholemodule";
				TARGETED_DEVICE_FAMILY = "1,2";
				VALIDATE_PRODUCT = YES;
			};
			name = Release;
		};
		D7A8F3CE1DCA35DF005B8DF3 /* Debug */ = {
			isa = XCBuildConfiguration;
			buildSettings = {
				ASSETCATALOG_COMPILER_APPICON_NAME = AppIcon;
				DEVELOPMENT_TEAM = U8HA8UNP32;
				INFOPLIST_FILE = Calculate/Info.plist;
				LD_RUNPATH_SEARCH_PATHS = "$(inherited) @executable_path/Frameworks";
				PRODUCT_BUNDLE_IDENTIFIER = org.jhhs.617262.Calculate;
				PRODUCT_NAME = "$(TARGET_NAME)";
				SWIFT_VERSION = 3.0;
			};
			name = Debug;
		};
		D7A8F3CF1DCA35DF005B8DF3 /* Release */ = {
			isa = XCBuildConfiguration;
			buildSettings = {
				ASSETCATALOG_COMPILER_APPICON_NAME = AppIcon;
				DEVELOPMENT_TEAM = U8HA8UNP32;
				INFOPLIST_FILE = Calculate/Info.plist;
				LD_RUNPATH_SEARCH_PATHS = "$(inherited) @executable_path/Frameworks";
				PRODUCT_BUNDLE_IDENTIFIER = org.jhhs.617262.Calculate;
				PRODUCT_NAME = "$(TARGET_NAME)";
				SWIFT_VERSION = 3.0;
			};
			name = Release;
		};
/* End XCBuildConfiguration section */

/* Begin XCConfigurationList section */
		D7A8F3B61DCA35DF005B8DF3 /* Build configuration list for PBXProject "Calculate" */ = {
			isa = XCConfigurationList;
			buildConfigurations = (
				D7A8F3CB1DCA35DF005B8DF3 /* Debug */,
				D7A8F3CC1DCA35DF005B8DF3 /* Release */,
			);
			defaultConfigurationIsVisible = 0;
			defaultConfigurationName = Release;
		};
		D7A8F3CD1DCA35DF005B8DF3 /* Build configuration list for PBXNativeTarget "Calculate" */ = {
			isa = XCConfigurationList;
			buildConfigurations = (
				D7A8F3CE1DCA35DF005B8DF3 /* Debug */,
				D7A8F3CF1DCA35DF005B8DF3 /* Release */,
			);
			defaultConfigurationIsVisible = 0;
		};
/* End XCConfigurationList section */
	};
	rootObject = D7A8F3B31DCA35DF005B8DF3 /* Project object */;
}
